// !$*UTF8*$!
{
	archiveVersion = 1;
	classes = {
	};
	objectVersion = 77;
	objects = {

/* Begin PBXContainerItemProxy section */
		7B2809F52E67FD5C00DC22B8 /* PBXContainerItemProxy */ = {
			isa = PBXContainerItemProxy;
			containerPortal = 7B2809DE2E67FD5B00DC22B8 /* Project object */;
			proxyType = 1;
			remoteGlobalIDString = 7B2809E52E67FD5B00DC22B8;
			remoteInfo = HelloMac;
		};
		7B2809FF2E67FD5C00DC22B8 /* PBXContainerItemProxy */ = {
			isa = PBXContainerItemProxy;
			containerPortal = 7B2809DE2E67FD5B00DC22B8 /* Project object */;
			proxyType = 1;
			remoteGlobalIDString = 7B2809E52E67FD5B00DC22B8;
			remoteInfo = HelloMac;
		};
/* End PBXContainerItemProxy section */

/* Begin PBXFileReference section */
		7B2809E62E67FD5B00DC22B8 /* HelloMac.app */ = {isa = PBXFileReference; explicitFileType = wrapper.application; includeInIndex = 0; path = HelloMac.app; sourceTree = BUILT_PRODUCTS_DIR; };
		7B2809F42E67FD5C00DC22B8 /* HelloMacTests.xctest */ = {isa = PBXFileReference; explicitFileType = wrapper.cfbundle; includeInIndex = 0; path = HelloMacTests.xctest; sourceTree = BUILT_PRODUCTS_DIR; };
		7B2809FE2E67FD5C00DC22B8 /* HelloMacUITests.xctest */ = {isa = PBXFileReference; explicitFileType = wrapper.cfbundle; includeInIndex = 0; path = HelloMacUITests.xctest; sourceTree = BUILT_PRODUCTS_DIR; };
/* End PBXFileReference section */

/* Begin PBXFileSystemSynchronizedRootGroup section */
		7B2809E82E67FD5B00DC22B8 /* HelloMac */ = {
			isa = PBXFileSystemSynchronizedRootGroup;
			path = HelloMac;
			sourceTree = "<group>";
		};
		7B2809F72E67FD5C00DC22B8 /* HelloMacTests */ = {
			isa = PBXFileSystemSynchronizedRootGroup;
			path = HelloMacTests;
			sourceTree = "<group>";
		};
		7B280A012E67FD5C00DC22B8 /* HelloMacUITests */ = {
			isa = PBXFileSystemSynchronizedRootGroup;
			path = HelloMacUITests;
			sourceTree = "<group>";
		};
/* End PBXFileSystemSynchronizedRootGroup section */

/* Begin PBXFrameworksBuildPhase section */
		7B2809E32E67FD5B00DC22B8 /* Frameworks */ = {
			isa = PBXFrameworksBuildPhase;
			buildActionMask = 2147483647;
			files = (
			);
			runOnlyForDeploymentPostprocessing = 0;
		};
		7B2809F12E67FD5C00DC22B8 /* Frameworks */ = {
			isa = PBXFrameworksBuildPhase;
			buildActionMask = 2147483647;
			files = (
			);
			runOnlyForDeploymentPostprocessing = 0;
		};
		7B2809FB2E67FD5C00DC22B8 /* Frameworks */ = {
			isa = PBXFrameworksBuildPhase;
			buildActionMask = 2147483647;
			files = (
			);
			runOnlyForDeploymentPostprocessing = 0;
		};
/* End PBXFrameworksBuildPhase section */

/* Begin PBXGroup section */
		7B2809DD2E67FD5B00DC22B8 = {
			isa = PBXGroup;
			children = (
				7B2809E82E67FD5B00DC22B8 /* HelloMac */,
				7B2809F72E67FD5C00DC22B8 /* HelloMacTests */,
				7B280A012E67FD5C00DC22B8 /* HelloMacUITests */,
				7B2809E72E67FD5B00DC22B8 /* Products */,
			);
			sourceTree = "<group>";
		};
		7B2809E72E67FD5B00DC22B8 /* Products */ = {
			isa = PBXGroup;
			children = (
				7B2809E62E67FD5B00DC22B8 /* HelloMac.app */,
				7B2809F42E67FD5C00DC22B8 /* HelloMacTests.xctest */,
				7B2809FE2E67FD5C00DC22B8 /* HelloMacUITests.xctest */,
			);
			name = Products;
			sourceTree = "<group>";
		};
/* End PBXGroup section */

/* Begin PBXNativeTarget section */
		7B2809E52E67FD5B00DC22B8 /* HelloMac */ = {
			isa = PBXNativeTarget;
			buildConfigurationList = 7B280A082E67FD5C00DC22B8 /* Build configuration list for PBXNativeTarget "HelloMac" */;
			buildPhases = (
				7B2809E22E67FD5B00DC22B8 /* Sources */,
				7B2809E32E67FD5B00DC22B8 /* Frameworks */,
				7B2809E42E67FD5B00DC22B8 /* Resources */,
			);
			buildRules = (
			);
			dependencies = (
			);
			fileSystemSynchronizedGroups = (
				7B2809E82E67FD5B00DC22B8 /* HelloMac */,
			);
			name = HelloMac;
			packageProductDependencies = (
			);
			productName = HelloMac;
			productReference = 7B2809E62E67FD5B00DC22B8 /* HelloMac.app */;
			productType = "com.apple.product-type.application";
		};
		7B2809F32E67FD5C00DC22B8 /* HelloMacTests */ = {
			isa = PBXNativeTarget;
			buildConfigurationList = 7B280A0B2E67FD5C00DC22B8 /* Build configuration list for PBXNativeTarget "HelloMacTests" */;
			buildPhases = (
				7B2809F02E67FD5C00DC22B8 /* Sources */,
				7B2809F12E67FD5C00DC22B8 /* Frameworks */,
				7B2809F22E67FD5C00DC22B8 /* Resources */,
			);
			buildRules = (
			);
			dependencies = (
				7B2809F62E67FD5C00DC22B8 /* PBXTargetDependency */,
			);
			fileSystemSynchronizedGroups = (
				7B2809F72E67FD5C00DC22B8 /* HelloMacTests */,
			);
			name = HelloMacTests;
			packageProductDependencies = (
			);
			productName = HelloMacTests;
			productReference = 7B2809F42E67FD5C00DC22B8 /* HelloMacTests.xctest */;
			productType = "com.apple.product-type.bundle.unit-test";
		};
		7B2809FD2E67FD5C00DC22B8 /* HelloMacUITests */ = {
			isa = PBXNativeTarget;
			buildConfigurationList = 7B280A0E2E67FD5C00DC22B8 /* Build configuration list for PBXNativeTarget "HelloMacUITests" */;
			buildPhases = (
				7B2809FA2E67FD5C00DC22B8 /* Sources */,
				7B2809FB2E67FD5C00DC22B8 /* Frameworks */,
				7B2809FC2E67FD5C00DC22B8 /* Resources */,
			);
			buildRules = (
			);
			dependencies = (
				7B280A002E67FD5C00DC22B8 /* PBXTargetDependency */,
			);
			fileSystemSynchronizedGroups = (
				7B280A012E67FD5C00DC22B8 /* HelloMacUITests */,
			);
			name = HelloMacUITests;
			packageProductDependencies = (
			);
			productName = HelloMacUITests;
			productReference = 7B2809FE2E67FD5C00DC22B8 /* HelloMacUITests.xctest */;
			productType = "com.apple.product-type.bundle.ui-testing";
		};
/* End PBXNativeTarget section */

/* Begin PBXProject section */
		7B2809DE2E67FD5B00DC22B8 /* Project object */ = {
			isa = PBXProject;
			attributes = {
				BuildIndependentTargetsInParallel = 1;
				LastSwiftUpdateCheck = 1640;
				LastUpgradeCheck = 1640;
				TargetAttributes = {
					7B2809E52E67FD5B00DC22B8 = {
						CreatedOnToolsVersion = 16.4;
					};
					7B2809F32E67FD5C00DC22B8 = {
						CreatedOnToolsVersion = 16.4;
						TestTargetID = 7B2809E52E67FD5B00DC22B8;
					};
					7B2809FD2E67FD5C00DC22B8 = {
						CreatedOnToolsVersion = 16.4;
						TestTargetID = 7B2809E52E67FD5B00DC22B8;
					};
				};
			};
			buildConfigurationList = 7B2809E12E67FD5B00DC22B8 /* Build configuration list for PBXProject "HelloMac" */;
			developmentRegion = en;
			hasScannedForEncodings = 0;
			knownRegions = (
				en,
				Base,
			);
			mainGroup = 7B2809DD2E67FD5B00DC22B8;
			minimizedProjectReferenceProxies = 1;
			preferredProjectObjectVersion = 77;
			productRefGroup = 7B2809E72E67FD5B00DC22B8 /* Products */;
			projectDirPath = "";
			projectRoot = "";
			targets = (
				7B2809E52E67FD5B00DC22B8 /* HelloMac */,
				7B2809F32E67FD5C00DC22B8 /* HelloMacTests */,
				7B2809FD2E67FD5C00DC22B8 /* HelloMacUITests */,
			);
		};
/* End PBXProject section */

/* Begin PBXResourcesBuildPhase section */
		7B2809E42E67FD5B00DC22B8 /* Resources */ = {
			isa = PBXResourcesBuildPhase;
			buildActionMask = 2147483647;
			files = (
			);
			runOnlyForDeploymentPostprocessing = 0;
		};
		7B2809F22E67FD5C00DC22B8 /* Resources */ = {
			isa = PBXResourcesBuildPhase;
			buildActionMask = 2147483647;
			files = (
			);
			runOnlyForDeploymentPostprocessing = 0;
		};
		7B2809FC2E67FD5C00DC22B8 /* Resources */ = {
			isa = PBXResourcesBuildPhase;
			buildActionMask = 2147483647;
			files = (
			);
			runOnlyForDeploymentPostprocessing = 0;
		};
/* End PBXResourcesBuildPhase section */

/* Begin PBXSourcesBuildPhase section */
		7B2809E22E67FD5B00DC22B8 /* Sources */ = {
			isa = PBXSourcesBuildPhase;
			buildActionMask = 2147483647;
			files = (
			);
			runOnlyForDeploymentPostprocessing = 0;
		};
		7B2809F02E67FD5C00DC22B8 /* Sources */ = {
			isa = PBXSourcesBuildPhase;
			buildActionMask = 2147483647;
			files = (
			);
			runOnlyForDeploymentPostprocessing = 0;
		};
		7B2809FA2E67FD5C00DC22B8 /* Sources */ = {
			isa = PBXSourcesBuildPhase;
			buildActionMask = 2147483647;
			files = (
			);
			runOnlyForDeploymentPostprocessing = 0;
		};
/* End PBXSourcesBuildPhase section */

/* Begin PBXTargetDependency section */
		7B2809F62E67FD5C00DC22B8 /* PBXTargetDependency */ = {
			isa = PBXTargetDependency;
			target = 7B2809E52E67FD5B00DC22B8 /* HelloMac */;
			targetProxy = 7B2809F52E67FD5C00DC22B8 /* PBXContainerItemProxy */;
		};
		7B280A002E67FD5C00DC22B8 /* PBXTargetDependency */ = {
			isa = PBXTargetDependency;
			target = 7B2809E52E67FD5B00DC22B8 /* HelloMac */;
			targetProxy = 7B2809FF2E67FD5C00DC22B8 /* PBXContainerItemProxy */;
		};
/* End PBXTargetDependency section */

/* Begin XCBuildConfiguration section */
		7B280A062E67FD5C00DC22B8 /* Debug */ = {
			isa = XCBuildConfiguration;
			buildSettings = {
				ALWAYS_SEARCH_USER_PATHS = NO;
				ASSETCATALOG_COMPILER_GENERATE_SWIFT_ASSET_SYMBOL_EXTENSIONS = YES;
				CLANG_ANALYZER_NONNULL = YES;
				CLANG_ANALYZER_NUMBER_OBJECT_CONVERSION = YES_AGGRESSIVE;
				CLANG_CXX_LANGUAGE_STANDARD = "gnu++20";
				CLANG_ENABLE_MODULES = YES;
				CLANG_ENABLE_OBJC_ARC = YES;
				CLANG_ENABLE_OBJC_WEAK = YES;
				CLANG_WARN_BLOCK_CAPTURE_AUTORELEASING = YES;
				CLANG_WARN_BOOL_CONVERSION = YES;
				CLANG_WARN_COMMA = YES;
				CLANG_WARN_CONSTANT_CONVERSION = YES;
				CLANG_WARN_DEPRECATED_OBJC_IMPLEMENTATIONS = YES;
				CLANG_WARN_DIRECT_OBJC_ISA_USAGE = YES_ERROR;
				CLANG_WARN_DOCUMENTATION_COMMENTS = YES;
				CLANG_WARN_EMPTY_BODY = YES;
				CLANG_WARN_ENUM_CONVERSION = YES;
				CLANG_WARN_INFINITE_RECURSION = YES;
				CLANG_WARN_INT_CONVERSION = YES;
				CLANG_WARN_NON_LITERAL_NULL_CONVERSION = YES;
				CLANG_WARN_OBJC_IMPLICIT_RETAIN_SELF = YES;
				CLANG_WARN_OBJC_LITERAL_CONVERSION = YES;
				CLANG_WARN_OBJC_ROOT_CLASS = YES_ERROR;
				CLANG_WARN_QUOTED_INCLUDE_IN_FRAMEWORK_HEADER = YES;
				CLANG_WARN_RANGE_LOOP_ANALYSIS = YES;
				CLANG_WARN_STRICT_PROTOTYPES = YES;
				CLANG_WARN_SUSPICIOUS_MOVE = YES;
				CLANG_WARN_UNGUARDED_AVAILABILITY = YES_AGGRESSIVE;
				CLANG_WARN_UNREACHABLE_CODE = YES;
				CLANG_WARN__DUPLICATE_METHOD_MATCH = YES;
				COPY_PHASE_STRIP = NO;
				DEBUG_INFORMATION_FORMAT = dwarf;
				DEVELOPMENT_TEAM = CL5X4Z4ZWQ;
				ENABLE_STRICT_OBJC_MSGSEND = YES;
				ENABLE_TESTABILITY = YES;
				ENABLE_USER_SCRIPT_SANDBOXING = YES;
				GCC_C_LANGUAGE_STANDARD = gnu17;
				GCC_DYNAMIC_NO_PIC = NO;
				GCC_NO_COMMON_BLOCKS = YES;
				GCC_OPTIMIZATION_LEVEL = 0;
				GCC_PREPROCESSOR_DEFINITIONS = (
					"DEBUG=1",
					"$(inherited)",
				);
				GCC_WARN_64_TO_32_BIT_CONVERSION = YES;
				GCC_WARN_ABOUT_RETURN_TYPE = YES_ERROR;
				GCC_WARN_UNDECLARED_SELECTOR = YES;
				GCC_WARN_UNINITIALIZED_AUTOS = YES_AGGRESSIVE;
				GCC_WARN_UNUSED_FUNCTION = YES;
				GCC_WARN_UNUSED_VARIABLE = YES;
				LOCALIZATION_PREFERS_STRING_CATALOGS = YES;
				MACOSX_DEPLOYMENT_TARGET = 15.5;
				MTL_ENABLE_DEBUG_INFO = INCLUDE_SOURCE;
				MTL_FAST_MATH = YES;
				ONLY_ACTIVE_ARCH = YES;
				SDKROOT = macosx;
				SWIFT_ACTIVE_COMPILATION_CONDITIONS = "DEBUG $(inherited)";
				SWIFT_OPTIMIZATION_LEVEL = "-Onone";
			};
			name = Debug;
		};
		7B280A072E67FD5C00DC22B8 /* Release */ = {
			isa = XCBuildConfiguration;
			buildSettings = {
				ALWAYS_SEARCH_USER_PATHS = NO;
				ASSETCATALOG_COMPILER_GENERATE_SWIFT_ASSET_SYMBOL_EXTENSIONS = YES;
				CLANG_ANALYZER_NONNULL = YES;
				CLANG_ANALYZER_NUMBER_OBJECT_CONVERSION = YES_AGGRESSIVE;
				CLANG_CXX_LANGUAGE_STANDARD = "gnu++20";
				CLANG_ENABLE_MODULES = YES;
				CLANG_ENABLE_OBJC_ARC = YES;
				CLANG_ENABLE_OBJC_WEAK = YES;
				CLANG_WARN_BLOCK_CAPTURE_AUTORELEASING = YES;
				CLANG_WARN_BOOL_CONVERSION = YES;
				CLANG_WARN_COMMA = YES;
				CLANG_WARN_CONSTANT_CONVERSION = YES;
				CLANG_WARN_DEPRECATED_OBJC_IMPLEMENTATIONS = YES;
				CLANG_WARN_DIRECT_OBJC_ISA_USAGE = YES_ERROR;
				CLANG_WARN_DOCUMENTATION_COMMENTS = YES;
				CLANG_WARN_EMPTY_BODY = YES;
				CLANG_WARN_ENUM_CONVERSION = YES;
				CLANG_WARN_INFINITE_RECURSION = YES;
				CLANG_WARN_INT_CONVERSION = YES;
				CLANG_WARN_NON_LITERAL_NULL_CONVERSION = YES;
				CLANG_WARN_OBJC_IMPLICIT_RETAIN_SELF = YES;
				CLANG_WARN_OBJC_LITERAL_CONVERSION = YES;
				CLANG_WARN_OBJC_ROOT_CLASS = YES_ERROR;
				CLANG_WARN_QUOTED_INCLUDE_IN_FRAMEWORK_HEADER = YES;
				CLANG_WARN_RANGE_LOOP_ANALYSIS = YES;
				CLANG_WARN_STRICT_PROTOTYPES = YES;
				CLANG_WARN_SUSPICIOUS_MOVE = YES;
				CLANG_WARN_UNGUARDED_AVAILABILITY = YES_AGGRESSIVE;
				CLANG_WARN_UNREACHABLE_CODE = YES;
				CLANG_WARN__DUPLICATE_METHOD_MATCH = YES;
				COPY_PHASE_STRIP = NO;
				DEBUG_INFORMATION_FORMAT = "dwarf-with-dsym";
				DEVELOPMENT_TEAM = CL5X4Z4ZWQ;
				ENABLE_NS_ASSERTIONS = NO;
				ENABLE_STRICT_OBJC_MSGSEND = YES;
				ENABLE_USER_SCRIPT_SANDBOXING = YES;
				GCC_C_LANGUAGE_STANDARD = gnu17;
				GCC_NO_COMMON_BLOCKS = YES;
				GCC_WARN_64_TO_32_BIT_CONVERSION = YES;
				GCC_WARN_ABOUT_RETURN_TYPE = YES_ERROR;
				GCC_WARN_UNDECLARED_SELECTOR = YES;
				GCC_WARN_UNINITIALIZED_AUTOS = YES_AGGRESSIVE;
				GCC_WARN_UNUSED_FUNCTION = YES;
				GCC_WARN_UNUSED_VARIABLE = YES;
				LOCALIZATION_PREFERS_STRING_CATALOGS = YES;
				MACOSX_DEPLOYMENT_TARGET = 15.5;
				MTL_ENABLE_DEBUG_INFO = NO;
				MTL_FAST_MATH = YES;
				SDKROOT = macosx;
				SWIFT_COMPILATION_MODE = wholemodule;
			};
			name = Release;
		};
		7B280A092E67FD5C00DC22B8 /* Debug */ = {
			isa = XCBuildConfiguration;
			buildSettings = {
				ASSETCATALOG_COMPILER_APPICON_NAME = AppIcon;
				ASSETCATALOG_COMPILER_GLOBAL_ACCENT_COLOR_NAME = AccentColor;
				CODE_SIGN_ENTITLEMENTS = HelloMac/HelloMac.entitlements;
				CODE_SIGN_STYLE = Automatic;
				COMBINE_HIDPI_IMAGES = YES;
				CURRENT_PROJECT_VERSION = 1;
				DEVELOPMENT_TEAM = CL5X4Z4ZWQ;
				ENABLE_HARDENED_RUNTIME = YES;
				ENABLE_PREVIEWS = YES;
				GENERATE_INFOPLIST_FILE = YES;
				INFOPLIST_KEY_NSHumanReadableCopyright = "";
				LD_RUNPATH_SEARCH_PATHS = (
					"$(inherited)",
					"@executable_path/../Frameworks",
				);
				MARKETING_VERSION = 1.0;
				PRODUCT_BUNDLE_IDENTIFIER = Zack.HelloMac;
				PRODUCT_NAME = "$(TARGET_NAME)";
				REGISTER_APP_GROUPS = YES;
				SWIFT_EMIT_LOC_STRINGS = YES;
				SWIFT_VERSION = 5.0;
			};
			name = Debug;
		};
		7B280A0A2E67FD5C00DC22B8 /* Release */ = {
			isa = XCBuildConfiguration;
			buildSettings = {
				ASSETCATALOG_COMPILER_APPICON_NAME = AppIcon;
				ASSETCATALOG_COMPILER_GLOBAL_ACCENT_COLOR_NAME = AccentColor;
				CODE_SIGN_ENTITLEMENTS = HelloMac/HelloMac.entitlements;
				CODE_SIGN_STYLE = Automatic;
				COMBINE_HIDPI_IMAGES = YES;
				CURRENT_PROJECT_VERSION = 1;
				DEVELOPMENT_TEAM = CL5X4Z4ZWQ;
				ENABLE_HARDENED_RUNTIME = YES;
				ENABLE_PREVIEWS = YES;
				GENERATE_INFOPLIST_FILE = YES;
				INFOPLIST_KEY_NSHumanReadableCopyright = "";
				LD_RUNPATH_SEARCH_PATHS = (
					"$(inherited)",
					"@executable_path/../Frameworks",
				);
				MARKETING_VERSION = 1.0;
				PRODUCT_BUNDLE_IDENTIFIER = Zack.HelloMac;
				PRODUCT_NAME = "$(TARGET_NAME)";
				REGISTER_APP_GROUPS = YES;
				SWIFT_EMIT_LOC_STRINGS = YES;
				SWIFT_VERSION = 5.0;
			};
			name = Release;
		};
		7B280A0C2E67FD5C00DC22B8 /* Debug */ = {
			isa = XCBuildConfiguration;
			buildSettings = {
				BUNDLE_LOADER = "$(TEST_HOST)";
				CODE_SIGN_STYLE = Automatic;
				CURRENT_PROJECT_VERSION = 1;
				DEVELOPMENT_TEAM = CL5X4Z4ZWQ;
				GENERATE_INFOPLIST_FILE = YES;
				MACOSX_DEPLOYMENT_TARGET = 15.5;
				MARKETING_VERSION = 1.0;
				PRODUCT_BUNDLE_IDENTIFIER = Zack.HelloMacTests;
				PRODUCT_NAME = "$(TARGET_NAME)";
				SWIFT_EMIT_LOC_STRINGS = NO;
				SWIFT_VERSION = 5.0;
				TEST_HOST = "$(BUILT_PRODUCTS_DIR)/HelloMac.app/$(BUNDLE_EXECUTABLE_FOLDER_PATH)/HelloMac";
			};
			name = Debug;
		};
		7B280A0D2E67FD5C00DC22B8 /* Release */ = {
			isa = XCBuildConfiguration;
			buildSettings = {
				BUNDLE_LOADER = "$(TEST_HOST)";
				CODE_SIGN_STYLE = Automatic;
				CURRENT_PROJECT_VERSION = 1;
				DEVELOPMENT_TEAM = CL5X4Z4ZWQ;
				GENERATE_INFOPLIST_FILE = YES;
				MACOSX_DEPLOYMENT_TARGET = 15.5;
				MARKETING_VERSION = 1.0;
				PRODUCT_BUNDLE_IDENTIFIER = Zack.HelloMacTests;
				PRODUCT_NAME = "$(TARGET_NAME)";
				SWIFT_EMIT_LOC_STRINGS = NO;
				SWIFT_VERSION = 5.0;
				TEST_HOST = "$(BUILT_PRODUCTS_DIR)/HelloMac.app/$(BUNDLE_EXECUTABLE_FOLDER_PATH)/HelloMac";
			};
			name = Release;
		};
		7B280A0F2E67FD5C00DC22B8 /* Debug */ = {
			isa = XCBuildConfiguration;
			buildSettings = {
				CODE_SIGN_STYLE = Automatic;
				CURRENT_PROJECT_VERSION = 1;
				DEVELOPMENT_TEAM = CL5X4Z4ZWQ;
				GENERATE_INFOPLIST_FILE = YES;
				MARKETING_VERSION = 1.0;
				PRODUCT_BUNDLE_IDENTIFIER = Zack.HelloMacUITests;
				PRODUCT_NAME = "$(TARGET_NAME)";
				SWIFT_EMIT_LOC_STRINGS = NO;
				SWIFT_VERSION = 5.0;
				TEST_TARGET_NAME = HelloMac;
			};
			name = Debug;
		};
		7B280A102E67FD5C00DC22B8 /* Release */ = {
			isa = XCBuildConfiguration;
			buildSettings = {
				CODE_SIGN_STYLE = Automatic;
				CURRENT_PROJECT_VERSION = 1;
				DEVELOPMENT_TEAM = CL5X4Z4ZWQ;
				GENERATE_INFOPLIST_FILE = YES;
				MARKETING_VERSION = 1.0;
				PRODUCT_BUNDLE_IDENTIFIER = Zack.HelloMacUITests;
				PRODUCT_NAME = "$(TARGET_NAME)";
				SWIFT_EMIT_LOC_STRINGS = NO;
				SWIFT_VERSION = 5.0;
				TEST_TARGET_NAME = HelloMac;
			};
			name = Release;
		};
/* End XCBuildConfiguration section */

/* Begin XCConfigurationList section */
		7B2809E12E67FD5B00DC22B8 /* Build configuration list for PBXProject "HelloMac" */ = {
			isa = XCConfigurationList;
			buildConfigurations = (
				7B280A062E67FD5C00DC22B8 /* Debug */,
				7B280A072E67FD5C00DC22B8 /* Release */,
			);
			defaultConfigurationIsVisible = 0;
			defaultConfigurationName = Release;
		};
		7B280A082E67FD5C00DC22B8 /* Build configuration list for PBXNativeTarget "HelloMac" */ = {
			isa = XCConfigurationList;
			buildConfigurations = (
				7B280A092E67FD5C00DC22B8 /* Debug */,
				7B280A0A2E67FD5C00DC22B8 /* Release */,
			);
			defaultConfigurationIsVisible = 0;
			defaultConfigurationName = Release;
		};
		7B280A0B2E67FD5C00DC22B8 /* Build configuration list for PBXNativeTarget "HelloMacTests" */ = {
			isa = XCConfigurationList;
			buildConfigurations = (
				7B280A0C2E67FD5C00DC22B8 /* Debug */,
				7B280A0D2E67FD5C00DC22B8 /* Release */,
			);
			defaultConfigurationIsVisible = 0;
			defaultConfigurationName = Release;
		};
		7B280A0E2E67FD5C00DC22B8 /* Build configuration list for PBXNativeTarget "HelloMacUITests" */ = {
			isa = XCConfigurationList;
			buildConfigurations = (
				7B280A0F2E67FD5C00DC22B8 /* Debug */,
				7B280A102E67FD5C00DC22B8 /* Release */,
			);
			defaultConfigurationIsVisible = 0;
			defaultConfigurationName = Release;
		};
/* End XCConfigurationList section */
	};
	rootObject = 7B2809DE2E67FD5B00DC22B8 /* Project object */;
}
